
Microsoft Visual Studio Solution File, Format Version 12.00
# Visual Studio Version 17
VisualStudioVersion = 17.7.34024.191
MinimumVisualStudioVersion = 10.0.40219.1
Project("{9A19103F-16F7-4668-BE54-9A1E7A4F7556}") = "BethanysPieShop", "BethanysPieShop\BethanysPieShop.csproj", "{EB18DBAC-CBE1-4A98-9178-F96AE463B56E}"
EndProject
Project("{9A19103F-16F7-4668-BE54-9A1E7A4F7556}") = "BethanysPieShopTests", "BethanysPieShopTests\BethanysPieShopTests.csproj", "{CE72B817-B5F4-468B-BAB6-5D5DDD3DB713}"
EndProject
Global
	GlobalSection(SolutionConfigurationPlatforms) = preSolution
		Debug|Any CPU = Debug|Any CPU
		Release|Any CPU = Release|Any CPU
	EndGlobalSection
	GlobalSection(ProjectConfigurationPlatforms) = postSolution
		{EB18DBAC-CBE1-4A98-9178-F96AE463B56E}.Debug|Any CPU.ActiveCfg = Debug|Any CPU
		{EB18DBAC-CBE1-4A98-9178-F96AE463B56E}.Debug|Any CPU.Build.0 = Debug|Any CPU
		{EB18DBAC-CBE1-4A98-9178-F96AE463B56E}.Release|Any CPU.ActiveCfg = Release|Any CPU
		{EB18DBAC-CBE1-4A98-9178-F96AE463B56E}.Release|Any CPU.Build.0 = Release|Any CPU
		{CE72B817-B5F4-468B-BAB6-5D5DDD3DB713}.Debug|Any CPU.ActiveCfg = Debug|Any CPU
		{CE72B817-B5F4-468B-BAB6-5D5DDD3DB713}.Debug|Any CPU.Build.0 = Debug|Any CPU
		{CE72B817-B5F4-468B-BAB6-5D5DDD3DB713}.Release|Any CPU.ActiveCfg = Release|Any CPU
		{CE72B817-B5F4-468B-BAB6-5D5DDD3DB713}.Release|Any CPU.Build.0 = Release|Any CPU
	EndGlobalSection
	GlobalSection(SolutionProperties) = preSolution
		HideSolutionNode = FALSE
	EndGlobalSection
	GlobalSection(ExtensibilityGlobals) = postSolution
		SolutionGuid = {1E3CD96F-A2D0-469E-9113-3A66D59B481F}
	EndGlobalSection
EndGlobal
